
Microsoft Visual Studio Solution File, Format Version 12.00
# Visual Studio Version 17
VisualStudioVersion = 17.11.35303.130
MinimumVisualStudioVersion = 10.0.40219.1
Project("{FAE04EC0-301F-11D3-BF4B-00C04F79EFBC}") = "6351071052_LTWEB_K63", "6351071052_LTWEB_K63\6351071052_LTWEB_K63.csproj", "{C586C436-A166-4EDD-A922-847ADE14203C}"
EndProject
Global
	GlobalSection(SolutionConfigurationPlatforms) = preSolution
		Debug|Any CPU = Debug|Any CPU
		Release|Any CPU = Release|Any CPU
	EndGlobalSection
	GlobalSection(ProjectConfigurationPlatforms) = postSolution
		{C586C436-A166-4EDD-A922-847ADE14203C}.Debug|Any CPU.ActiveCfg = Debug|Any CPU
		{C586C436-A166-4EDD-A922-847ADE14203C}.Debug|Any CPU.Build.0 = Debug|Any CPU
		{C586C436-A166-4EDD-A922-847ADE14203C}.Release|Any CPU.ActiveCfg = Release|Any CPU
		{C586C436-A166-4EDD-A922-847ADE14203C}.Release|Any CPU.Build.0 = Release|Any CPU
	EndGlobalSection
	GlobalSection(SolutionProperties) = preSolution
		HideSolutionNode = FALSE
	EndGlobalSection
	GlobalSection(ExtensibilityGlobals) = postSolution
		SolutionGuid = {1D023218-EE45-47E4-AD34-954AE4B70B21}
	EndGlobalSection
EndGlobal
